
Microsoft Visual Studio Solution File, Format Version 12.00
# Visual Studio Version 17
VisualStudioVersion = 17.7.34031.279
MinimumVisualStudioVersion = 10.0.40219.1
Project("{FAE04EC0-301F-11D3-BF4B-00C04F79EFBC}") = "sree bavan bakery", "sree bavan bakery\sree bavan bakery.csproj", "{C9F7E75C-477C-4B05-B287-56DF7AC9B079}"
EndProject
Global
	GlobalSection(SolutionConfigurationPlatforms) = preSolution
		Debug|Any CPU = Debug|Any CPU
		Release|Any CPU = Release|Any CPU
	EndGlobalSection
	GlobalSection(ProjectConfigurationPlatforms) = postSolution
		{C9F7E75C-477C-4B05-B287-56DF7AC9B079}.Debug|Any CPU.ActiveCfg = Debug|Any CPU
		{C9F7E75C-477C-4B05-B287-56DF7AC9B079}.Debug|Any CPU.Build.0 = Debug|Any CPU
		{C9F7E75C-477C-4B05-B287-56DF7AC9B079}.Release|Any CPU.ActiveCfg = Release|Any CPU
		{C9F7E75C-477C-4B05-B287-56DF7AC9B079}.Release|Any CPU.Build.0 = Release|Any CPU
	EndGlobalSection
	GlobalSection(SolutionProperties) = preSolution
		HideSolutionNode = FALSE
	EndGlobalSection
	GlobalSection(ExtensibilityGlobals) = postSolution
		SolutionGuid = {74A9BC76-0BA7-4579-A03B-8375749F0B82}
	EndGlobalSection
EndGlobal
